<?xml version="1.0" encoding="UTF-8"?>
<Scheme
   LastUpgradeVersion = "2600"
   version = "1.7">
   <BuildAction
      parallelizeBuildables = "YES"
      buildImplicitDependencies = "YES">
   </BuildAction>
   <TestAction
      buildConfiguration = "Debug"
      selectedDebuggerIdentifier = "Xcode.DebuggerFoundation.Debugger.LLDB"
      selectedLauncherIdentifier = "Xcode.DebuggerFoundation.Launcher.LLDB"
      shouldUseLaunchSchemeArgsEnv = "YES">
      <TestPlans>
         <TestPlanReference
            reference = "container:Tests/TestPlans/FHIRModelsExtensions.xctestplan" default = "YES">
         </TestPlanReference>
         <TestPlanReference
            reference = "container:Tests/TestPlans/HealthKitOnFHIR.xctestplan">
         </TestPlanReference>
         <TestPlanReference
            reference = "container:Tests/TestPlans/ResearchKitOnFHIR.xctestplan">
         </TestPlanReference>
         <TestPlanReference
            reference = "container:Tests/TestPlans/Spezi.xctestplan">
         </TestPlanReference>
         <TestPlanReference
            reference = "container:Tests/TestPlans/SpeziAccessGuard.xctestplan">
         </TestPlanReference>
         <TestPlanReference
            reference = "container:Tests/TestPlans/SpeziAccount.xctestplan">
         </TestPlanReference>
         <TestPlanReference
            reference = "container:Tests/TestPlans/SpeziBluetooth.xctestplan">
         </TestPlanReference>
         <TestPlanReference
            reference = "container:Tests/TestPlans/SpeziChat.xctestplan">
         </TestPlanReference>
         <TestPlanReference
            reference = "container:Tests/TestPlans/SpeziConsent.xctestplan">
         </TestPlanReference>
         <TestPlanReference
            reference = "container:Tests/TestPlans/SpeziContact.xctestplan">
         </TestPlanReference>
         <TestPlanReference
            reference = "container:Tests/TestPlans/SpeziDevices.xctestplan">
         </TestPlanReference>
         <TestPlanReference
            reference = "container:Tests/TestPlans/SpeziFHIR.xctestplan">
         </TestPlanReference>
         <TestPlanReference
            reference = "container:Tests/TestPlans/SpeziFileFormats.xctestplan">
         </TestPlanReference>
         <TestPlanReference
            reference = "container:Tests/TestPlans/SpeziFirebase.xctestplan">
         </TestPlanReference>
         <TestPlanReference
            reference = "container:Tests/TestPlans/SpeziFoundation.xctestplan">
         </TestPlanReference>
         <TestPlanReference
            reference = "container:Tests/TestPlans/SpeziHealthKit.xctestplan">
         </TestPlanReference>
         <TestPlanReference
            reference = "container:Tests/TestPlans/SpeziLLM.xctestplan">
         </TestPlanReference>
         <TestPlanReference
            reference = "container:Tests/TestPlans/SpeziLicense.xctestplan">
         </TestPlanReference>
         <TestPlanReference
            reference = "container:Tests/TestPlans/SpeziLocation.xctestplan">
         </TestPlanReference>
         <TestPlanReference
            reference = "container:Tests/TestPlans/SpeziMedication.xctestplan">
         </TestPlanReference>
         <TestPlanReference
            reference = "container:Tests/TestPlans/SpeziNetworking.xctestplan">
         </TestPlanReference>
         <TestPlanReference
            reference = "container:Tests/TestPlans/SpeziNotifications.xctestplan">
         </TestPlanReference>
         <TestPlanReference
            reference = "container:Tests/TestPlans/SpeziOnboarding.xctestplan">
         </TestPlanReference>
         <TestPlanReference
            reference = "container:Tests/TestPlans/SpeziQuestionnaire.xctestplan">
         </TestPlanReference>
         <TestPlanReference
            reference = "container:Tests/TestPlans/SpeziScheduler.xctestplan">
         </TestPlanReference>
         <TestPlanReference
            reference = "container:Tests/TestPlans/SpeziSensorKit.xctestplan">
         </TestPlanReference>
         <TestPlanReference
            reference = "container:Tests/TestPlans/SpeziSpeech.xctestplan">
         </TestPlanReference>
         <TestPlanReference
            reference = "container:Tests/TestPlans/SpeziStorage.xctestplan">
         </TestPlanReference>
         <TestPlanReference
            reference = "container:Tests/TestPlans/SpeziStudy.xctestplan">
         </TestPlanReference>
         <TestPlanReference
            reference = "container:Tests/TestPlans/SpeziViews.xctestplan">
         </TestPlanReference>
         <TestPlanReference
            reference = "container:Tests/TestPlans/ThreadLocal.xctestplan">
         </TestPlanReference>
         <TestPlanReference
            reference = "container:Tests/TestPlans/XCTHealthKit.xctestplan">
         </TestPlanReference>
         <TestPlanReference
            reference = "container:Tests/TestPlans/XCTRuntimeAssertions.xctestplan">
         </TestPlanReference>
         <TestPlanReference
            reference = "container:Tests/TestPlans/XCTestExtensions.xctestplan">
         </TestPlanReference>
      </TestPlans>
   </TestAction>
</Scheme>
